// !$*UTF8*$!
{
	archiveVersion = 1;
	classes = {
	};
	objectVersion = 50;
	objects = {

/* Begin PBXBuildFile section */
		6B1B2BA62660A84D00C92C85 /* AppDelegate.swift in Sources */ = {isa = PBXBuildFile; fileRef = 6B1B2BA52660A84D00C92C85 /* AppDelegate.swift */; };
		6B1B2BA82660A84D00C92C85 /* SceneDelegate.swift in Sources */ = {isa = PBXBuildFile; fileRef = 6B1B2BA72660A84D00C92C85 /* SceneDelegate.swift */; };
		6B1B2BAA2660A84D00C92C85 /* ViewController.swift in Sources */ = {isa = PBXBuildFile; fileRef = 6B1B2BA92660A84D00C92C85 /* ViewController.swift */; };
		6B1B2BAD2660A84D00C92C85 /* Main.storyboard in Resources */ = {isa = PBXBuildFile; fileRef = 6B1B2BAB2660A84D00C92C85 /* Main.storyboard */; };
		6B1B2BAF2660A84E00C92C85 /* Assets.xcassets in Resources */ = {isa = PBXBuildFile; fileRef = 6B1B2BAE2660A84E00C92C85 /* Assets.xcassets */; };
		6B1B2BB22660A84E00C92C85 /* LaunchScreen.storyboard in Resources */ = {isa = PBXBuildFile; fileRef = 6B1B2BB02660A84E00C92C85 /* LaunchScreen.storyboard */; };
		6B1B2BBA2660A88C00C92C85 /* BasicInformation.swift in Sources */ = {isa = PBXBuildFile; fileRef = 6B1B2BB92660A88C00C92C85 /* BasicInformation.swift */; };
		6B1B2BBC2660A89D00C92C85 /* Person.swift in Sources */ = {isa = PBXBuildFile; fileRef = 6B1B2BBB2660A89D00C92C85 /* Person.swift */; };
		6B1B2BBF266235DB00C92C85 /* Vehicle.swift in Sources */ = {isa = PBXBuildFile; fileRef = 6B1B2BBE266235DB00C92C85 /* Vehicle.swift */; };
		6B1B2BC12662366800C92C85 /* Car.swift in Sources */ = {isa = PBXBuildFile; fileRef = 6B1B2BC02662366800C92C85 /* Car.swift */; };
/* End PBXBuildFile section */

/* Begin PBXFileReference section */
		6B1B2BA22660A84D00C92C85 /* SwiftStudy.app */ = {isa = PBXFileReference; explicitFileType = wrapper.application; includeInIndex = 0; path = SwiftStudy.app; sourceTree = BUILT_PRODUCTS_DIR; };
		6B1B2BA52660A84D00C92C85 /* AppDelegate.swift */ = {isa = PBXFileReference; lastKnownFileType = sourcecode.swift; path = AppDelegate.swift; sourceTree = "<group>"; };
		6B1B2BA72660A84D00C92C85 /* SceneDelegate.swift */ = {isa = PBXFileReference; lastKnownFileType = sourcecode.swift; path = SceneDelegate.swift; sourceTree = "<group>"; };
		6B1B2BA92660A84D00C92C85 /* ViewController.swift */ = {isa = PBXFileReference; lastKnownFileType = sourcecode.swift; path = ViewController.swift; sourceTree = "<group>"; };
		6B1B2BAC2660A84D00C92C85 /* Base */ = {isa = PBXFileReference; lastKnownFileType = file.storyboard; name = Base; path = Base.lproj/Main.storyboard; sourceTree = "<group>"; };
		6B1B2BAE2660A84E00C92C85 /* Assets.xcassets */ = {isa = PBXFileReference; lastKnownFileType = folder.assetcatalog; path = Assets.xcassets; sourceTree = "<group>"; };
		6B1B2BB12660A84E00C92C85 /* Base */ = {isa = PBXFileReference; lastKnownFileType = file.storyboard; name = Base; path = Base.lproj/LaunchScreen.storyboard; sourceTree = "<group>"; };
		6B1B2BB32660A84E00C92C85 /* Info.plist */ = {isa = PBXFileReference; lastKnownFileType = text.plist.xml; path = Info.plist; sourceTree = "<group>"; };
		6B1B2BB92660A88C00C92C85 /* BasicInformation.swift */ = {isa = PBXFileReference; lastKnownFileType = sourcecode.swift; path = BasicInformation.swift; sourceTree = "<group>"; };
		6B1B2BBB2660A89D00C92C85 /* Person.swift */ = {isa = PBXFileReference; lastKnownFileType = sourcecode.swift; path = Person.swift; sourceTree = "<group>"; };
		6B1B2BBE266235DB00C92C85 /* Vehicle.swift */ = {isa = PBXFileReference; lastKnownFileType = sourcecode.swift; path = Vehicle.swift; sourceTree = "<group>"; };
		6B1B2BC02662366800C92C85 /* Car.swift */ = {isa = PBXFileReference; lastKnownFileType = sourcecode.swift; path = Car.swift; sourceTree = "<group>"; };
/* End PBXFileReference section */

/* Begin PBXFrameworksBuildPhase section */
		6B1B2B9F2660A84D00C92C85 /* Frameworks */ = {
			isa = PBXFrameworksBuildPhase;
			buildActionMask = 2147483647;
			files = (
			);
			runOnlyForDeploymentPostprocessing = 0;
		};
/* End PBXFrameworksBuildPhase section */

/* Begin PBXGroup section */
		6B1B2B992660A84C00C92C85 = {
			isa = PBXGroup;
			children = (
				6B1B2BA42660A84D00C92C85 /* SwiftStudy */,
				6B1B2BA32660A84D00C92C85 /* Products */,
			);
			sourceTree = "<group>";
		};
		6B1B2BA32660A84D00C92C85 /* Products */ = {
			isa = PBXGroup;
			children = (
				6B1B2BA22660A84D00C92C85 /* SwiftStudy.app */,
			);
			name = Products;
			sourceTree = "<group>";
		};
		6B1B2BA42660A84D00C92C85 /* SwiftStudy */ = {
			isa = PBXGroup;
			children = (
				6B1B2BA52660A84D00C92C85 /* AppDelegate.swift */,
				6B1B2BA72660A84D00C92C85 /* SceneDelegate.swift */,
				6B1B2BA92660A84D00C92C85 /* ViewController.swift */,
				6B1B2BBE266235DB00C92C85 /* Vehicle.swift */,
				6B1B2BC02662366800C92C85 /* Car.swift */,
				6B1B2BAB2660A84D00C92C85 /* Main.storyboard */,
				6B1B2BBD266235B900C92C85 /* Struct+Class */,
				6B1B2BAE2660A84E00C92C85 /* Assets.xcassets */,
				6B1B2BB02660A84E00C92C85 /* LaunchScreen.storyboard */,
				6B1B2BB32660A84E00C92C85 /* Info.plist */,
			);
			path = SwiftStudy;
			sourceTree = "<group>";
		};
		6B1B2BBD266235B900C92C85 /* Struct+Class */ = {
			isa = PBXGroup;
			children = (
				6B1B2BB92660A88C00C92C85 /* BasicInformation.swift */,
				6B1B2BBB2660A89D00C92C85 /* Person.swift */,
			);
			path = "Struct+Class";
			sourceTree = "<group>";
		};
/* End PBXGroup section */

/* Begin PBXNativeTarget section */
		6B1B2BA12660A84D00C92C85 /* SwiftStudy */ = {
			isa = PBXNativeTarget;
			buildConfigurationList = 6B1B2BB62660A84E00C92C85 /* Build configuration list for PBXNativeTarget "SwiftStudy" */;
			buildPhases = (
				6B1B2B9E2660A84D00C92C85 /* Sources */,
				6B1B2B9F2660A84D00C92C85 /* Frameworks */,
				6B1B2BA02660A84D00C92C85 /* Resources */,
			);
			buildRules = (
			);
			dependencies = (
			);
			name = SwiftStudy;
			productName = SwiftStudy;
			productReference = 6B1B2BA22660A84D00C92C85 /* SwiftStudy.app */;
			productType = "com.apple.product-type.application";
		};
/* End PBXNativeTarget section */

/* Begin PBXProject section */
		6B1B2B9A2660A84C00C92C85 /* Project object */ = {
			isa = PBXProject;
			attributes = {
				LastSwiftUpdateCheck = 1250;
				LastUpgradeCheck = 1250;
				TargetAttributes = {
					6B1B2BA12660A84D00C92C85 = {
						CreatedOnToolsVersion = 12.5;
					};
				};
			};
			buildConfigurationList = 6B1B2B9D2660A84C00C92C85 /* Build configuration list for PBXProject "SwiftStudy" */;
			compatibilityVersion = "Xcode 9.3";
			developmentRegion = en;
			hasScannedForEncodings = 0;
			knownRegions = (
				en,
				Base,
			);
			mainGroup = 6B1B2B992660A84C00C92C85;
			productRefGroup = 6B1B2BA32660A84D00C92C85 /* Products */;
			projectDirPath = "";
			projectRoot = "";
			targets = (
				6B1B2BA12660A84D00C92C85 /* SwiftStudy */,
			);
		};
/* End PBXProject section */

/* Begin PBXResourcesBuildPhase section */
		6B1B2BA02660A84D00C92C85 /* Resources */ = {
			isa = PBXResourcesBuildPhase;
			buildActionMask = 2147483647;
			files = (
				6B1B2BB22660A84E00C92C85 /* LaunchScreen.storyboard in Resources */,
				6B1B2BAF2660A84E00C92C85 /* Assets.xcassets in Resources */,
				6B1B2BAD2660A84D00C92C85 /* Main.storyboard in Resources */,
			);
			runOnlyForDeploymentPostprocessing = 0;
		};
/* End PBXResourcesBuildPhase section */

/* Begin PBXSourcesBuildPhase section */
		6B1B2B9E2660A84D00C92C85 /* Sources */ = {
			isa = PBXSourcesBuildPhase;
			buildActionMask = 2147483647;
			files = (
				6B1B2BBF266235DB00C92C85 /* Vehicle.swift in Sources */,
				6B1B2BBC2660A89D00C92C85 /* Person.swift in Sources */,
				6B1B2BC12662366800C92C85 /* Car.swift in Sources */,
				6B1B2BAA2660A84D00C92C85 /* ViewController.swift in Sources */,
				6B1B2BBA2660A88C00C92C85 /* BasicInformation.swift in Sources */,
				6B1B2BA62660A84D00C92C85 /* AppDelegate.swift in Sources */,
				6B1B2BA82660A84D00C92C85 /* SceneDelegate.swift in Sources */,
			);
			runOnlyForDeploymentPostprocessing = 0;
		};
/* End PBXSourcesBuildPhase section */

/* Begin PBXVariantGroup section */
		6B1B2BAB2660A84D00C92C85 /* Main.storyboard */ = {
			isa = PBXVariantGroup;
			children = (
				6B1B2BAC2660A84D00C92C85 /* Base */,
			);
			name = Main.storyboard;
			sourceTree = "<group>";
		};
		6B1B2BB02660A84E00C92C85 /* LaunchScreen.storyboard */ = {
			isa = PBXVariantGroup;
			children = (
				6B1B2BB12660A84E00C92C85 /* Base */,
			);
			name = LaunchScreen.storyboard;
			sourceTree = "<group>";
		};
/* End PBXVariantGroup section */

/* Begin XCBuildConfiguration section */
		6B1B2BB42660A84E00C92C85 /* Debug */ = {
			isa = XCBuildConfiguration;
			buildSettings = {
				ALWAYS_SEARCH_USER_PATHS = NO;
				CLANG_ANALYZER_NONNULL = YES;
				CLANG_ANALYZER_NUMBER_OBJECT_CONVERSION = YES_AGGRESSIVE;
				CLANG_CXX_LANGUAGE_STANDARD = "gnu++14";
				CLANG_CXX_LIBRARY = "libc++";
				CLANG_ENABLE_MODULES = YES;
				CLANG_ENABLE_OBJC_ARC = YES;
				CLANG_ENABLE_OBJC_WEAK = YES;
				CLANG_WARN_BLOCK_CAPTURE_AUTORELEASING = YES;
				CLANG_WARN_BOOL_CONVERSION = YES;
				CLANG_WARN_COMMA = YES;
				CLANG_WARN_CONSTANT_CONVERSION = YES;
				CLANG_WARN_DEPRECATED_OBJC_IMPLEMENTATIONS = YES;
				CLANG_WARN_DIRECT_OBJC_ISA_USAGE = YES_ERROR;
				CLANG_WARN_DOCUMENTATION_COMMENTS = YES;
				CLANG_WARN_EMPTY_BODY = YES;
				CLANG_WARN_ENUM_CONVERSION = YES;
				CLANG_WARN_INFINITE_RECURSION = YES;
				CLANG_WARN_INT_CONVERSION = YES;
				CLANG_WARN_NON_LITERAL_NULL_CONVERSION = YES;
				CLANG_WARN_OBJC_IMPLICIT_RETAIN_SELF = YES;
				CLANG_WARN_OBJC_LITERAL_CONVERSION = YES;
				CLANG_WARN_OBJC_ROOT_CLASS = YES_ERROR;
				CLANG_WARN_QUOTED_INCLUDE_IN_FRAMEWORK_HEADER = YES;
				CLANG_WARN_RANGE_LOOP_ANALYSIS = YES;
				CLANG_WARN_STRICT_PROTOTYPES = YES;
				CLANG_WARN_SUSPICIOUS_MOVE = YES;
				CLANG_WARN_UNGUARDED_AVAILABILITY = YES_AGGRESSIVE;
				CLANG_WARN_UNREACHABLE_CODE = YES;
				CLANG_WARN__DUPLICATE_METHOD_MATCH = YES;
				COPY_PHASE_STRIP = NO;
				DEBUG_INFORMATION_FORMAT = dwarf;
				ENABLE_STRICT_OBJC_MSGSEND = YES;
				ENABLE_TESTABILITY = YES;
				GCC_C_LANGUAGE_STANDARD = gnu11;
				GCC_DYNAMIC_NO_PIC = NO;
				GCC_NO_COMMON_BLOCKS = YES;
				GCC_OPTIMIZATION_LEVEL = 0;
				GCC_PREPROCESSOR_DEFINITIONS = (
					"DEBUG=1",
					"$(inherited)",
				);
				GCC_WARN_64_TO_32_BIT_CONVERSION = YES;
				GCC_WARN_ABOUT_RETURN_TYPE = YES_ERROR;
				GCC_WARN_UNDECLARED_SELECTOR = YES;
				GCC_WARN_UNINITIALIZED_AUTOS = YES_AGGRESSIVE;
				GCC_WARN_UNUSED_FUNCTION = YES;
				GCC_WARN_UNUSED_VARIABLE = YES;
				IPHONEOS_DEPLOYMENT_TARGET = 14.5;
				MTL_ENABLE_DEBUG_INFO = INCLUDE_SOURCE;
				MTL_FAST_MATH = YES;
				ONLY_ACTIVE_ARCH = YES;
				SDKROOT = iphoneos;
				SWIFT_ACTIVE_COMPILATION_CONDITIONS = DEBUG;
				SWIFT_OPTIMIZATION_LEVEL = "-Onone";
			};
			name = Debug;
		};
		6B1B2BB52660A84E00C92C85 /* Release */ = {
			isa = XCBuildConfiguration;
			buildSettings = {
				ALWAYS_SEARCH_USER_PATHS = NO;
				CLANG_ANALYZER_NONNULL = YES;
				CLANG_ANALYZER_NUMBER_OBJECT_CONVERSION = YES_AGGRESSIVE;
				CLANG_CXX_LANGUAGE_STANDARD = "gnu++14";
				CLANG_CXX_LIBRARY = "libc++";
				CLANG_ENABLE_MODULES = YES;
				CLANG_ENABLE_OBJC_ARC = YES;
				CLANG_ENABLE_OBJC_WEAK = YES;
				CLANG_WARN_BLOCK_CAPTURE_AUTORELEASING = YES;
				CLANG_WARN_BOOL_CONVERSION = YES;
				CLANG_WARN_COMMA = YES;
				CLANG_WARN_CONSTANT_CONVERSION = YES;
				CLANG_WARN_DEPRECATED_OBJC_IMPLEMENTATIONS = YES;
				CLANG_WARN_DIRECT_OBJC_ISA_USAGE = YES_ERROR;
				CLANG_WARN_DOCUMENTATION_COMMENTS = YES;
				CLANG_WARN_EMPTY_BODY = YES;
				CLANG_WARN_ENUM_CONVERSION = YES;
				CLANG_WARN_INFINITE_RECURSION = YES;
				CLANG_WARN_INT_CONVERSION = YES;
				CLANG_WARN_NON_LITERAL_NULL_CONVERSION = YES;
				CLANG_WARN_OBJC_IMPLICIT_RETAIN_SELF = YES;
				CLANG_WARN_OBJC_LITERAL_CONVERSION = YES;
				CLANG_WARN_OBJC_ROOT_CLASS = YES_ERROR;
				CLANG_WARN_QUOTED_INCLUDE_IN_FRAMEWORK_HEADER = YES;
				CLANG_WARN_RANGE_LOOP_ANALYSIS = YES;
				CLANG_WARN_STRICT_PROTOTYPES = YES;
				CLANG_WARN_SUSPICIOUS_MOVE = YES;
				CLANG_WARN_UNGUARDED_AVAILABILITY = YES_AGGRESSIVE;
				CLANG_WARN_UNREACHABLE_CODE = YES;
				CLANG_WARN__DUPLICATE_METHOD_MATCH = YES;
				COPY_PHASE_STRIP = NO;
				DEBUG_INFORMATION_FORMAT = "dwarf-with-dsym";
				ENABLE_NS_ASSERTIONS = NO;
				ENABLE_STRICT_OBJC_MSGSEND = YES;
				GCC_C_LANGUAGE_STANDARD = gnu11;
				GCC_NO_COMMON_BLOCKS = YES;
				GCC_WARN_64_TO_32_BIT_CONVERSION = YES;
				GCC_WARN_ABOUT_RETURN_TYPE = YES_ERROR;
				GCC_WARN_UNDECLARED_SELECTOR = YES;
				GCC_WARN_UNINITIALIZED_AUTOS = YES_AGGRESSIVE;
				GCC_WARN_UNUSED_FUNCTION = YES;
				GCC_WARN_UNUSED_VARIABLE = YES;
				IPHONEOS_DEPLOYMENT_TARGET = 14.5;
				MTL_ENABLE_DEBUG_INFO = NO;
				MTL_FAST_MATH = YES;
				SDKROOT = iphoneos;
				SWIFT_COMPILATION_MODE = wholemodule;
				SWIFT_OPTIMIZATION_LEVEL = "-O";
				VALIDATE_PRODUCT = YES;
			};
			name = Release;
		};
		6B1B2BB72660A84E00C92C85 /* Debug */ = {
			isa = XCBuildConfiguration;
			buildSettings = {
				ASSETCATALOG_COMPILER_APPICON_NAME = AppIcon;
				ASSETCATALOG_COMPILER_GLOBAL_ACCENT_COLOR_NAME = AccentColor;
				CODE_SIGN_STYLE = Automatic;
				INFOPLIST_FILE = SwiftStudy/Info.plist;
				LD_RUNPATH_SEARCH_PATHS = (
					"$(inherited)",
					"@executable_path/Frameworks",
				);
				PRODUCT_BUNDLE_IDENTIFIER = yujinpark.SwiftStudy;
				PRODUCT_NAME = "$(TARGET_NAME)";
				SWIFT_VERSION = 5.0;
				TARGETED_DEVICE_FAMILY = "1,2";
			};
			name = Debug;
		};
		6B1B2BB82660A84E00C92C85 /* Release */ = {
			isa = XCBuildConfiguration;
			buildSettings = {
				ASSETCATALOG_COMPILER_APPICON_NAME = AppIcon;
				ASSETCATALOG_COMPILER_GLOBAL_ACCENT_COLOR_NAME = AccentColor;
				CODE_SIGN_STYLE = Automatic;
				INFOPLIST_FILE = SwiftStudy/Info.plist;
				LD_RUNPATH_SEARCH_PATHS = (
					"$(inherited)",
					"@executable_path/Frameworks",
				);
				PRODUCT_BUNDLE_IDENTIFIER = yujinpark.SwiftStudy;
				PRODUCT_NAME = "$(TARGET_NAME)";
				SWIFT_VERSION = 5.0;
				TARGETED_DEVICE_FAMILY = "1,2";
			};
			name = Release;
		};
/* End XCBuildConfiguration section */

/* Begin XCConfigurationList section */
		6B1B2B9D2660A84C00C92C85 /* Build configuration list for PBXProject "SwiftStudy" */ = {
			isa = XCConfigurationList;
			buildConfigurations = (
				6B1B2BB42660A84E00C92C85 /* Debug */,
				6B1B2BB52660A84E00C92C85 /* Release */,
			);
			defaultConfigurationIsVisible = 0;
			defaultConfigurationName = Release;
		};
		6B1B2BB62660A84E00C92C85 /* Build configuration list for PBXNativeTarget "SwiftStudy" */ = {
			isa = XCConfigurationList;
			buildConfigurations = (
				6B1B2BB72660A84E00C92C85 /* Debug */,
				6B1B2BB82660A84E00C92C85 /* Release */,
			);
			defaultConfigurationIsVisible = 0;
			defaultConfigurationName = Release;
		};
/* End XCConfigurationList section */
	};
	rootObject = 6B1B2B9A2660A84C00C92C85 /* Project object */;
}
