// !$*UTF8*$!
{
	archiveVersion = 1;
	classes = {
	};
	objectVersion = 55;
	objects = {

/* Begin PBXBuildFile section */
		477403EB28CCCFCAAC0774D5 /* Pods_RxSwiftPrac.framework in Frameworks */ = {isa = PBXBuildFile; fileRef = 982562CE64CC75862CB78476 /* Pods_RxSwiftPrac.framework */; };
		6B89B685270C219700AF2AEA /* AppDelegate.swift in Sources */ = {isa = PBXBuildFile; fileRef = 6B89B684270C219700AF2AEA /* AppDelegate.swift */; };
		6B89B687270C219700AF2AEA /* SceneDelegate.swift in Sources */ = {isa = PBXBuildFile; fileRef = 6B89B686270C219700AF2AEA /* SceneDelegate.swift */; };
		6B89B689270C219700AF2AEA /* ViewController.swift in Sources */ = {isa = PBXBuildFile; fileRef = 6B89B688270C219700AF2AEA /* ViewController.swift */; };
		6B89B68C270C219700AF2AEA /* Main.storyboard in Resources */ = {isa = PBXBuildFile; fileRef = 6B89B68A270C219700AF2AEA /* Main.storyboard */; };
		6B89B68E270C219A00AF2AEA /* Assets.xcassets in Resources */ = {isa = PBXBuildFile; fileRef = 6B89B68D270C219A00AF2AEA /* Assets.xcassets */; };
		6B89B691270C219A00AF2AEA /* LaunchScreen.storyboard in Resources */ = {isa = PBXBuildFile; fileRef = 6B89B68F270C219A00AF2AEA /* LaunchScreen.storyboard */; };
/* End PBXBuildFile section */

/* Begin PBXFileReference section */
		015CBD09657930926853CE03 /* Pods-RxSwiftPrac.release.xcconfig */ = {isa = PBXFileReference; includeInIndex = 1; lastKnownFileType = text.xcconfig; name = "Pods-RxSwiftPrac.release.xcconfig"; path = "Target Support Files/Pods-RxSwiftPrac/Pods-RxSwiftPrac.release.xcconfig"; sourceTree = "<group>"; };
		1DE4BA35E26AF5DB0BE097E6 /* Pods-RxSwiftPrac.debug.xcconfig */ = {isa = PBXFileReference; includeInIndex = 1; lastKnownFileType = text.xcconfig; name = "Pods-RxSwiftPrac.debug.xcconfig"; path = "Target Support Files/Pods-RxSwiftPrac/Pods-RxSwiftPrac.debug.xcconfig"; sourceTree = "<group>"; };
		6B89B681270C219700AF2AEA /* RxSwiftPrac.app */ = {isa = PBXFileReference; explicitFileType = wrapper.application; includeInIndex = 0; path = RxSwiftPrac.app; sourceTree = BUILT_PRODUCTS_DIR; };
		6B89B684270C219700AF2AEA /* AppDelegate.swift */ = {isa = PBXFileReference; lastKnownFileType = sourcecode.swift; path = AppDelegate.swift; sourceTree = "<group>"; };
		6B89B686270C219700AF2AEA /* SceneDelegate.swift */ = {isa = PBXFileReference; lastKnownFileType = sourcecode.swift; path = SceneDelegate.swift; sourceTree = "<group>"; };
		6B89B688270C219700AF2AEA /* ViewController.swift */ = {isa = PBXFileReference; lastKnownFileType = sourcecode.swift; path = ViewController.swift; sourceTree = "<group>"; };
		6B89B68B270C219700AF2AEA /* Base */ = {isa = PBXFileReference; lastKnownFileType = file.storyboard; name = Base; path = Base.lproj/Main.storyboard; sourceTree = "<group>"; };
		6B89B68D270C219A00AF2AEA /* Assets.xcassets */ = {isa = PBXFileReference; lastKnownFileType = folder.assetcatalog; path = Assets.xcassets; sourceTree = "<group>"; };
		6B89B690270C219A00AF2AEA /* Base */ = {isa = PBXFileReference; lastKnownFileType = file.storyboard; name = Base; path = Base.lproj/LaunchScreen.storyboard; sourceTree = "<group>"; };
		6B89B692270C219A00AF2AEA /* Info.plist */ = {isa = PBXFileReference; lastKnownFileType = text.plist.xml; path = Info.plist; sourceTree = "<group>"; };
		6BEC2C41270C25A800800A2F /* RxSwiftPlayground.playground */ = {isa = PBXFileReference; lastKnownFileType = file.playground; name = RxSwiftPlayground.playground; path = ../../RxSwiftPlayground.playground; sourceTree = "<group>"; xcLanguageSpecificationIdentifier = xcode.lang.swift; };
		982562CE64CC75862CB78476 /* Pods_RxSwiftPrac.framework */ = {isa = PBXFileReference; explicitFileType = wrapper.framework; includeInIndex = 0; path = Pods_RxSwiftPrac.framework; sourceTree = BUILT_PRODUCTS_DIR; };
/* End PBXFileReference section */

/* Begin PBXFrameworksBuildPhase section */
		6B89B67E270C219700AF2AEA /* Frameworks */ = {
			isa = PBXFrameworksBuildPhase;
			buildActionMask = 2147483647;
			files = (
				477403EB28CCCFCAAC0774D5 /* Pods_RxSwiftPrac.framework in Frameworks */,
			);
			runOnlyForDeploymentPostprocessing = 0;
		};
/* End PBXFrameworksBuildPhase section */

/* Begin PBXGroup section */
		410625A25901F77FB905040C /* Frameworks */ = {
			isa = PBXGroup;
			children = (
				982562CE64CC75862CB78476 /* Pods_RxSwiftPrac.framework */,
			);
			name = Frameworks;
			sourceTree = "<group>";
		};
		4CEE57C3EA84B0405F5E1F5E /* Pods */ = {
			isa = PBXGroup;
			children = (
				1DE4BA35E26AF5DB0BE097E6 /* Pods-RxSwiftPrac.debug.xcconfig */,
				015CBD09657930926853CE03 /* Pods-RxSwiftPrac.release.xcconfig */,
			);
			path = Pods;
			sourceTree = "<group>";
		};
		6B89B678270C219700AF2AEA = {
			isa = PBXGroup;
			children = (
				6B89B683270C219700AF2AEA /* RxSwiftPrac */,
				6B89B682270C219700AF2AEA /* Products */,
				4CEE57C3EA84B0405F5E1F5E /* Pods */,
				410625A25901F77FB905040C /* Frameworks */,
			);
			sourceTree = "<group>";
		};
		6B89B682270C219700AF2AEA /* Products */ = {
			isa = PBXGroup;
			children = (
				6B89B681270C219700AF2AEA /* RxSwiftPrac.app */,
			);
			name = Products;
			sourceTree = "<group>";
		};
		6B89B683270C219700AF2AEA /* RxSwiftPrac */ = {
			isa = PBXGroup;
			children = (
				6BEC2C41270C25A800800A2F /* RxSwiftPlayground.playground */,
				6B89B684270C219700AF2AEA /* AppDelegate.swift */,
				6B89B686270C219700AF2AEA /* SceneDelegate.swift */,
				6B89B688270C219700AF2AEA /* ViewController.swift */,
				6B89B68A270C219700AF2AEA /* Main.storyboard */,
				6B89B68D270C219A00AF2AEA /* Assets.xcassets */,
				6B89B68F270C219A00AF2AEA /* LaunchScreen.storyboard */,
				6B89B692270C219A00AF2AEA /* Info.plist */,
			);
			path = RxSwiftPrac;
			sourceTree = "<group>";
		};
/* End PBXGroup section */

/* Begin PBXNativeTarget section */
		6B89B680270C219700AF2AEA /* RxSwiftPrac */ = {
			isa = PBXNativeTarget;
			buildConfigurationList = 6B89B695270C219A00AF2AEA /* Build configuration list for PBXNativeTarget "RxSwiftPrac" */;
			buildPhases = (
				279534FA64ECD610AE838270 /* [CP] Check Pods Manifest.lock */,
				6B89B67D270C219700AF2AEA /* Sources */,
				6B89B67E270C219700AF2AEA /* Frameworks */,
				6B89B67F270C219700AF2AEA /* Resources */,
				3DD05E00B1DFF9870A5E2FF2 /* [CP] Embed Pods Frameworks */,
			);
			buildRules = (
			);
			dependencies = (
			);
			name = RxSwiftPrac;
			productName = RxSwiftPrac;
			productReference = 6B89B681270C219700AF2AEA /* RxSwiftPrac.app */;
			productType = "com.apple.product-type.application";
		};
/* End PBXNativeTarget section */

/* Begin PBXProject section */
		6B89B679270C219700AF2AEA /* Project object */ = {
			isa = PBXProject;
			attributes = {
				BuildIndependentTargetsInParallel = 1;
				LastSwiftUpdateCheck = 1300;
				LastUpgradeCheck = 1300;
				TargetAttributes = {
					6B89B680270C219700AF2AEA = {
						CreatedOnToolsVersion = 13.0;
					};
				};
			};
			buildConfigurationList = 6B89B67C270C219700AF2AEA /* Build configuration list for PBXProject "RxSwiftPrac" */;
			compatibilityVersion = "Xcode 13.0";
			developmentRegion = en;
			hasScannedForEncodings = 0;
			knownRegions = (
				en,
				Base,
			);
			mainGroup = 6B89B678270C219700AF2AEA;
			productRefGroup = 6B89B682270C219700AF2AEA /* Products */;
			projectDirPath = "";
			projectRoot = "";
			targets = (
				6B89B680270C219700AF2AEA /* RxSwiftPrac */,
			);
		};
/* End PBXProject section */

/* Begin PBXResourcesBuildPhase section */
		6B89B67F270C219700AF2AEA /* Resources */ = {
			isa = PBXResourcesBuildPhase;
			buildActionMask = 2147483647;
			files = (
				6B89B691270C219A00AF2AEA /* LaunchScreen.storyboard in Resources */,
				6B89B68E270C219A00AF2AEA /* Assets.xcassets in Resources */,
				6B89B68C270C219700AF2AEA /* Main.storyboard in Resources */,
			);
			runOnlyForDeploymentPostprocessing = 0;
		};
/* End PBXResourcesBuildPhase section */

/* Begin PBXShellScriptBuildPhase section */
		279534FA64ECD610AE838270 /* [CP] Check Pods Manifest.lock */ = {
			isa = PBXShellScriptBuildPhase;
			buildActionMask = 2147483647;
			files = (
			);
			inputFileListPaths = (
			);
			inputPaths = (
				"${PODS_PODFILE_DIR_PATH}/Podfile.lock",
				"${PODS_ROOT}/Manifest.lock",
			);
			name = "[CP] Check Pods Manifest.lock";
			outputFileListPaths = (
			);
			outputPaths = (
				"$(DERIVED_FILE_DIR)/Pods-RxSwiftPrac-checkManifestLockResult.txt",
			);
			runOnlyForDeploymentPostprocessing = 0;
			shellPath = /bin/sh;
			shellScript = "diff \"${PODS_PODFILE_DIR_PATH}/Podfile.lock\" \"${PODS_ROOT}/Manifest.lock\" > /dev/null\nif [ $? != 0 ] ; then\n    # print error to STDERR\n    echo \"error: The sandbox is not in sync with the Podfile.lock. Run 'pod install' or update your CocoaPods installation.\" >&2\n    exit 1\nfi\n# This output is used by Xcode 'outputs' to avoid re-running this script phase.\necho \"SUCCESS\" > \"${SCRIPT_OUTPUT_FILE_0}\"\n";
			showEnvVarsInLog = 0;
		};
		3DD05E00B1DFF9870A5E2FF2 /* [CP] Embed Pods Frameworks */ = {
			isa = PBXShellScriptBuildPhase;
			buildActionMask = 2147483647;
			files = (
			);
			inputFileListPaths = (
				"${PODS_ROOT}/Target Support Files/Pods-RxSwiftPrac/Pods-RxSwiftPrac-frameworks-${CONFIGURATION}-input-files.xcfilelist",
			);
			name = "[CP] Embed Pods Frameworks";
			outputFileListPaths = (
				"${PODS_ROOT}/Target Support Files/Pods-RxSwiftPrac/Pods-RxSwiftPrac-frameworks-${CONFIGURATION}-output-files.xcfilelist",
			);
			runOnlyForDeploymentPostprocessing = 0;
			shellPath = /bin/sh;
			shellScript = "\"${PODS_ROOT}/Target Support Files/Pods-RxSwiftPrac/Pods-RxSwiftPrac-frameworks.sh\"\n";
			showEnvVarsInLog = 0;
		};
/* End PBXShellScriptBuildPhase section */

/* Begin PBXSourcesBuildPhase section */
		6B89B67D270C219700AF2AEA /* Sources */ = {
			isa = PBXSourcesBuildPhase;
			buildActionMask = 2147483647;
			files = (
				6B89B689270C219700AF2AEA /* ViewController.swift in Sources */,
				6B89B685270C219700AF2AEA /* AppDelegate.swift in Sources */,
				6B89B687270C219700AF2AEA /* SceneDelegate.swift in Sources */,
			);
			runOnlyForDeploymentPostprocessing = 0;
		};
/* End PBXSourcesBuildPhase section */

/* Begin PBXVariantGroup section */
		6B89B68A270C219700AF2AEA /* Main.storyboard */ = {
			isa = PBXVariantGroup;
			children = (
				6B89B68B270C219700AF2AEA /* Base */,
			);
			name = Main.storyboard;
			sourceTree = "<group>";
		};
		6B89B68F270C219A00AF2AEA /* LaunchScreen.storyboard */ = {
			isa = PBXVariantGroup;
			children = (
				6B89B690270C219A00AF2AEA /* Base */,
			);
			name = LaunchScreen.storyboard;
			sourceTree = "<group>";
		};
/* End PBXVariantGroup section */

/* Begin XCBuildConfiguration section */
		6B89B693270C219A00AF2AEA /* Debug */ = {
			isa = XCBuildConfiguration;
			buildSettings = {
				ALWAYS_SEARCH_USER_PATHS = NO;
				CLANG_ANALYZER_NONNULL = YES;
				CLANG_ANALYZER_NUMBER_OBJECT_CONVERSION = YES_AGGRESSIVE;
				CLANG_CXX_LANGUAGE_STANDARD = "gnu++17";
				CLANG_CXX_LIBRARY = "libc++";
				CLANG_ENABLE_MODULES = YES;
				CLANG_ENABLE_OBJC_ARC = YES;
				CLANG_ENABLE_OBJC_WEAK = YES;
				CLANG_WARN_BLOCK_CAPTURE_AUTORELEASING = YES;
				CLANG_WARN_BOOL_CONVERSION = YES;
				CLANG_WARN_COMMA = YES;
				CLANG_WARN_CONSTANT_CONVERSION = YES;
				CLANG_WARN_DEPRECATED_OBJC_IMPLEMENTATIONS = YES;
				CLANG_WARN_DIRECT_OBJC_ISA_USAGE = YES_ERROR;
				CLANG_WARN_DOCUMENTATION_COMMENTS = YES;
				CLANG_WARN_EMPTY_BODY = YES;
				CLANG_WARN_ENUM_CONVERSION = YES;
				CLANG_WARN_INFINITE_RECURSION = YES;
				CLANG_WARN_INT_CONVERSION = YES;
				CLANG_WARN_NON_LITERAL_NULL_CONVERSION = YES;
				CLANG_WARN_OBJC_IMPLICIT_RETAIN_SELF = YES;
				CLANG_WARN_OBJC_LITERAL_CONVERSION = YES;
				CLANG_WARN_OBJC_ROOT_CLASS = YES_ERROR;
				CLANG_WARN_QUOTED_INCLUDE_IN_FRAMEWORK_HEADER = YES;
				CLANG_WARN_RANGE_LOOP_ANALYSIS = YES;
				CLANG_WARN_STRICT_PROTOTYPES = YES;
				CLANG_WARN_SUSPICIOUS_MOVE = YES;
				CLANG_WARN_UNGUARDED_AVAILABILITY = YES_AGGRESSIVE;
				CLANG_WARN_UNREACHABLE_CODE = YES;
				CLANG_WARN__DUPLICATE_METHOD_MATCH = YES;
				COPY_PHASE_STRIP = NO;
				DEBUG_INFORMATION_FORMAT = dwarf;
				ENABLE_STRICT_OBJC_MSGSEND = YES;
				ENABLE_TESTABILITY = YES;
				GCC_C_LANGUAGE_STANDARD = gnu11;
				GCC_DYNAMIC_NO_PIC = NO;
				GCC_NO_COMMON_BLOCKS = YES;
				GCC_OPTIMIZATION_LEVEL = 0;
				GCC_PREPROCESSOR_DEFINITIONS = (
					"DEBUG=1",
					"$(inherited)",
				);
				GCC_WARN_64_TO_32_BIT_CONVERSION = YES;
				GCC_WARN_ABOUT_RETURN_TYPE = YES_ERROR;
				GCC_WARN_UNDECLARED_SELECTOR = YES;
				GCC_WARN_UNINITIALIZED_AUTOS = YES_AGGRESSIVE;
				GCC_WARN_UNUSED_FUNCTION = YES;
				GCC_WARN_UNUSED_VARIABLE = YES;
				IPHONEOS_DEPLOYMENT_TARGET = 15.0;
				MTL_ENABLE_DEBUG_INFO = INCLUDE_SOURCE;
				MTL_FAST_MATH = YES;
				ONLY_ACTIVE_ARCH = YES;
				SDKROOT = iphoneos;
				SWIFT_ACTIVE_COMPILATION_CONDITIONS = DEBUG;
				SWIFT_OPTIMIZATION_LEVEL = "-Onone";
			};
			name = Debug;
		};
		6B89B694270C219A00AF2AEA /* Release */ = {
			isa = XCBuildConfiguration;
			buildSettings = {
				ALWAYS_SEARCH_USER_PATHS = NO;
				CLANG_ANALYZER_NONNULL = YES;
				CLANG_ANALYZER_NUMBER_OBJECT_CONVERSION = YES_AGGRESSIVE;
				CLANG_CXX_LANGUAGE_STANDARD = "gnu++17";
				CLANG_CXX_LIBRARY = "libc++";
				CLANG_ENABLE_MODULES = YES;
				CLANG_ENABLE_OBJC_ARC = YES;
				CLANG_ENABLE_OBJC_WEAK = YES;
				CLANG_WARN_BLOCK_CAPTURE_AUTORELEASING = YES;
				CLANG_WARN_BOOL_CONVERSION = YES;
				CLANG_WARN_COMMA = YES;
				CLANG_WARN_CONSTANT_CONVERSION = YES;
				CLANG_WARN_DEPRECATED_OBJC_IMPLEMENTATIONS = YES;
				CLANG_WARN_DIRECT_OBJC_ISA_USAGE = YES_ERROR;
				CLANG_WARN_DOCUMENTATION_COMMENTS = YES;
				CLANG_WARN_EMPTY_BODY = YES;
				CLANG_WARN_ENUM_CONVERSION = YES;
				CLANG_WARN_INFINITE_RECURSION = YES;
				CLANG_WARN_INT_CONVERSION = YES;
				CLANG_WARN_NON_LITERAL_NULL_CONVERSION = YES;
				CLANG_WARN_OBJC_IMPLICIT_RETAIN_SELF = YES;
				CLANG_WARN_OBJC_LITERAL_CONVERSION = YES;
				CLANG_WARN_OBJC_ROOT_CLASS = YES_ERROR;
				CLANG_WARN_QUOTED_INCLUDE_IN_FRAMEWORK_HEADER = YES;
				CLANG_WARN_RANGE_LOOP_ANALYSIS = YES;
				CLANG_WARN_STRICT_PROTOTYPES = YES;
				CLANG_WARN_SUSPICIOUS_MOVE = YES;
				CLANG_WARN_UNGUARDED_AVAILABILITY = YES_AGGRESSIVE;
				CLANG_WARN_UNREACHABLE_CODE = YES;
				CLANG_WARN__DUPLICATE_METHOD_MATCH = YES;
				COPY_PHASE_STRIP = NO;
				DEBUG_INFORMATION_FORMAT = "dwarf-with-dsym";
				ENABLE_NS_ASSERTIONS = NO;
				ENABLE_STRICT_OBJC_MSGSEND = YES;
				GCC_C_LANGUAGE_STANDARD = gnu11;
				GCC_NO_COMMON_BLOCKS = YES;
				GCC_WARN_64_TO_32_BIT_CONVERSION = YES;
				GCC_WARN_ABOUT_RETURN_TYPE = YES_ERROR;
				GCC_WARN_UNDECLARED_SELECTOR = YES;
				GCC_WARN_UNINITIALIZED_AUTOS = YES_AGGRESSIVE;
				GCC_WARN_UNUSED_FUNCTION = YES;
				GCC_WARN_UNUSED_VARIABLE = YES;
				IPHONEOS_DEPLOYMENT_TARGET = 15.0;
				MTL_ENABLE_DEBUG_INFO = NO;
				MTL_FAST_MATH = YES;
				SDKROOT = iphoneos;
				SWIFT_COMPILATION_MODE = wholemodule;
				SWIFT_OPTIMIZATION_LEVEL = "-O";
				VALIDATE_PRODUCT = YES;
			};
			name = Release;
		};
		6B89B696270C219A00AF2AEA /* Debug */ = {
			isa = XCBuildConfiguration;
			baseConfigurationReference = 1DE4BA35E26AF5DB0BE097E6 /* Pods-RxSwiftPrac.debug.xcconfig */;
			buildSettings = {
				ASSETCATALOG_COMPILER_APPICON_NAME = AppIcon;
				ASSETCATALOG_COMPILER_GLOBAL_ACCENT_COLOR_NAME = AccentColor;
				CODE_SIGN_STYLE = Automatic;
				CURRENT_PROJECT_VERSION = 1;
				GENERATE_INFOPLIST_FILE = YES;
				INFOPLIST_FILE = RxSwiftPrac/Info.plist;
				INFOPLIST_KEY_UIApplicationSupportsIndirectInputEvents = YES;
				INFOPLIST_KEY_UILaunchStoryboardName = LaunchScreen;
				INFOPLIST_KEY_UIMainStoryboardFile = Main;
				INFOPLIST_KEY_UISupportedInterfaceOrientations_iPad = "UIInterfaceOrientationPortrait UIInterfaceOrientationPortraitUpsideDown UIInterfaceOrientationLandscapeLeft UIInterfaceOrientationLandscapeRight";
				INFOPLIST_KEY_UISupportedInterfaceOrientations_iPhone = "UIInterfaceOrientationPortrait UIInterfaceOrientationLandscapeLeft UIInterfaceOrientationLandscapeRight";
				LD_RUNPATH_SEARCH_PATHS = (
					"$(inherited)",
					"@executable_path/Frameworks",
				);
				MARKETING_VERSION = 1.0;
				PRODUCT_BUNDLE_IDENTIFIER = yujinpark.RxSwiftPrac;
				PRODUCT_NAME = "$(TARGET_NAME)";
				SWIFT_EMIT_LOC_STRINGS = YES;
				SWIFT_VERSION = 5.0;
				TARGETED_DEVICE_FAMILY = "1,2";
			};
			name = Debug;
		};
		6B89B697270C219A00AF2AEA /* Release */ = {
			isa = XCBuildConfiguration;
			baseConfigurationReference = 015CBD09657930926853CE03 /* Pods-RxSwiftPrac.release.xcconfig */;
			buildSettings = {
				ASSETCATALOG_COMPILER_APPICON_NAME = AppIcon;
				ASSETCATALOG_COMPILER_GLOBAL_ACCENT_COLOR_NAME = AccentColor;
				CODE_SIGN_STYLE = Automatic;
				CURRENT_PROJECT_VERSION = 1;
				GENERATE_INFOPLIST_FILE = YES;
				INFOPLIST_FILE = RxSwiftPrac/Info.plist;
				INFOPLIST_KEY_UIApplicationSupportsIndirectInputEvents = YES;
				INFOPLIST_KEY_UILaunchStoryboardName = LaunchScreen;
				INFOPLIST_KEY_UIMainStoryboardFile = Main;
				INFOPLIST_KEY_UISupportedInterfaceOrientations_iPad = "UIInterfaceOrientationPortrait UIInterfaceOrientationPortraitUpsideDown UIInterfaceOrientationLandscapeLeft UIInterfaceOrientationLandscapeRight";
				INFOPLIST_KEY_UISupportedInterfaceOrientations_iPhone = "UIInterfaceOrientationPortrait UIInterfaceOrientationLandscapeLeft UIInterfaceOrientationLandscapeRight";
				LD_RUNPATH_SEARCH_PATHS = (
					"$(inherited)",
					"@executable_path/Frameworks",
				);
				MARKETING_VERSION = 1.0;
				PRODUCT_BUNDLE_IDENTIFIER = yujinpark.RxSwiftPrac;
				PRODUCT_NAME = "$(TARGET_NAME)";
				SWIFT_EMIT_LOC_STRINGS = YES;
				SWIFT_VERSION = 5.0;
				TARGETED_DEVICE_FAMILY = "1,2";
			};
			name = Release;
		};
/* End XCBuildConfiguration section */

/* Begin XCConfigurationList section */
		6B89B67C270C219700AF2AEA /* Build configuration list for PBXProject "RxSwiftPrac" */ = {
			isa = XCConfigurationList;
			buildConfigurations = (
				6B89B693270C219A00AF2AEA /* Debug */,
				6B89B694270C219A00AF2AEA /* Release */,
			);
			defaultConfigurationIsVisible = 0;
			defaultConfigurationName = Release;
		};
		6B89B695270C219A00AF2AEA /* Build configuration list for PBXNativeTarget "RxSwiftPrac" */ = {
			isa = XCConfigurationList;
			buildConfigurations = (
				6B89B696270C219A00AF2AEA /* Debug */,
				6B89B697270C219A00AF2AEA /* Release */,
			);
			defaultConfigurationIsVisible = 0;
			defaultConfigurationName = Release;
		};
/* End XCConfigurationList section */
	};
	rootObject = 6B89B679270C219700AF2AEA /* Project object */;
}
