// !$*UTF8*$!
{
	archiveVersion = 1;
	classes = {
	};
	objectVersion = 50;
	objects = {

/* Begin PBXBuildFile section */
		6B869C2325A1D7870068BFD2 /* AppDelegate.swift in Sources */ = {isa = PBXBuildFile; fileRef = 6B869C2225A1D7870068BFD2 /* AppDelegate.swift */; };
		6B869C2525A1D7870068BFD2 /* SceneDelegate.swift in Sources */ = {isa = PBXBuildFile; fileRef = 6B869C2425A1D7870068BFD2 /* SceneDelegate.swift */; };
		6B869C2725A1D7870068BFD2 /* ViewController.swift in Sources */ = {isa = PBXBuildFile; fileRef = 6B869C2625A1D7870068BFD2 /* ViewController.swift */; };
		6B869C2A25A1D7870068BFD2 /* Main.storyboard in Resources */ = {isa = PBXBuildFile; fileRef = 6B869C2825A1D7870068BFD2 /* Main.storyboard */; };
		6B869C2C25A1D7890068BFD2 /* Assets.xcassets in Resources */ = {isa = PBXBuildFile; fileRef = 6B869C2B25A1D7890068BFD2 /* Assets.xcassets */; };
		6B869C2F25A1D7890068BFD2 /* LaunchScreen.storyboard in Resources */ = {isa = PBXBuildFile; fileRef = 6B869C2D25A1D7890068BFD2 /* LaunchScreen.storyboard */; };
		6B869C3825A1D7B90068BFD2 /* VC2.swift in Sources */ = {isa = PBXBuildFile; fileRef = 6B869C3725A1D7B90068BFD2 /* VC2.swift */; };
		6B869C3B25A1D7BF0068BFD2 /* VC3.swift in Sources */ = {isa = PBXBuildFile; fileRef = 6B869C3A25A1D7BF0068BFD2 /* VC3.swift */; };
/* End PBXBuildFile section */

/* Begin PBXFileReference section */
		6B869C1F25A1D7870068BFD2 /* DismissPop.app */ = {isa = PBXFileReference; explicitFileType = wrapper.application; includeInIndex = 0; path = DismissPop.app; sourceTree = BUILT_PRODUCTS_DIR; };
		6B869C2225A1D7870068BFD2 /* AppDelegate.swift */ = {isa = PBXFileReference; lastKnownFileType = sourcecode.swift; path = AppDelegate.swift; sourceTree = "<group>"; };
		6B869C2425A1D7870068BFD2 /* SceneDelegate.swift */ = {isa = PBXFileReference; lastKnownFileType = sourcecode.swift; path = SceneDelegate.swift; sourceTree = "<group>"; };
		6B869C2625A1D7870068BFD2 /* ViewController.swift */ = {isa = PBXFileReference; lastKnownFileType = sourcecode.swift; path = ViewController.swift; sourceTree = "<group>"; };
		6B869C2925A1D7870068BFD2 /* Base */ = {isa = PBXFileReference; lastKnownFileType = file.storyboard; name = Base; path = Base.lproj/Main.storyboard; sourceTree = "<group>"; };
		6B869C2B25A1D7890068BFD2 /* Assets.xcassets */ = {isa = PBXFileReference; lastKnownFileType = folder.assetcatalog; path = Assets.xcassets; sourceTree = "<group>"; };
		6B869C2E25A1D7890068BFD2 /* Base */ = {isa = PBXFileReference; lastKnownFileType = file.storyboard; name = Base; path = Base.lproj/LaunchScreen.storyboard; sourceTree = "<group>"; };
		6B869C3025A1D7890068BFD2 /* Info.plist */ = {isa = PBXFileReference; lastKnownFileType = text.plist.xml; path = Info.plist; sourceTree = "<group>"; };
		6B869C3725A1D7B90068BFD2 /* VC2.swift */ = {isa = PBXFileReference; lastKnownFileType = sourcecode.swift; path = VC2.swift; sourceTree = "<group>"; };
		6B869C3A25A1D7BF0068BFD2 /* VC3.swift */ = {isa = PBXFileReference; lastKnownFileType = sourcecode.swift; path = VC3.swift; sourceTree = "<group>"; };
/* End PBXFileReference section */

/* Begin PBXFrameworksBuildPhase section */
		6B869C1C25A1D7870068BFD2 /* Frameworks */ = {
			isa = PBXFrameworksBuildPhase;
			buildActionMask = 2147483647;
			files = (
			);
			runOnlyForDeploymentPostprocessing = 0;
		};
/* End PBXFrameworksBuildPhase section */

/* Begin PBXGroup section */
		6B869C1625A1D7870068BFD2 = {
			isa = PBXGroup;
			children = (
				6B869C2125A1D7870068BFD2 /* DismissPop */,
				6B869C2025A1D7870068BFD2 /* Products */,
			);
			sourceTree = "<group>";
		};
		6B869C2025A1D7870068BFD2 /* Products */ = {
			isa = PBXGroup;
			children = (
				6B869C1F25A1D7870068BFD2 /* DismissPop.app */,
			);
			name = Products;
			sourceTree = "<group>";
		};
		6B869C2125A1D7870068BFD2 /* DismissPop */ = {
			isa = PBXGroup;
			children = (
				6B869C2225A1D7870068BFD2 /* AppDelegate.swift */,
				6B869C2425A1D7870068BFD2 /* SceneDelegate.swift */,
				6B869C2625A1D7870068BFD2 /* ViewController.swift */,
				6B869C3725A1D7B90068BFD2 /* VC2.swift */,
				6B869C3A25A1D7BF0068BFD2 /* VC3.swift */,
				6B869C2825A1D7870068BFD2 /* Main.storyboard */,
				6B869C2B25A1D7890068BFD2 /* Assets.xcassets */,
				6B869C2D25A1D7890068BFD2 /* LaunchScreen.storyboard */,
				6B869C3025A1D7890068BFD2 /* Info.plist */,
			);
			path = DismissPop;
			sourceTree = "<group>";
		};
/* End PBXGroup section */

/* Begin PBXNativeTarget section */
		6B869C1E25A1D7870068BFD2 /* DismissPop */ = {
			isa = PBXNativeTarget;
			buildConfigurationList = 6B869C3325A1D7890068BFD2 /* Build configuration list for PBXNativeTarget "DismissPop" */;
			buildPhases = (
				6B869C1B25A1D7870068BFD2 /* Sources */,
				6B869C1C25A1D7870068BFD2 /* Frameworks */,
				6B869C1D25A1D7870068BFD2 /* Resources */,
			);
			buildRules = (
			);
			dependencies = (
			);
			name = DismissPop;
			productName = DismissPop;
			productReference = 6B869C1F25A1D7870068BFD2 /* DismissPop.app */;
			productType = "com.apple.product-type.application";
		};
/* End PBXNativeTarget section */

/* Begin PBXProject section */
		6B869C1725A1D7870068BFD2 /* Project object */ = {
			isa = PBXProject;
			attributes = {
				LastSwiftUpdateCheck = 1230;
				LastUpgradeCheck = 1230;
				TargetAttributes = {
					6B869C1E25A1D7870068BFD2 = {
						CreatedOnToolsVersion = 12.3;
					};
				};
			};
			buildConfigurationList = 6B869C1A25A1D7870068BFD2 /* Build configuration list for PBXProject "DismissPop" */;
			compatibilityVersion = "Xcode 9.3";
			developmentRegion = en;
			hasScannedForEncodings = 0;
			knownRegions = (
				en,
				Base,
			);
			mainGroup = 6B869C1625A1D7870068BFD2;
			productRefGroup = 6B869C2025A1D7870068BFD2 /* Products */;
			projectDirPath = "";
			projectRoot = "";
			targets = (
				6B869C1E25A1D7870068BFD2 /* DismissPop */,
			);
		};
/* End PBXProject section */

/* Begin PBXResourcesBuildPhase section */
		6B869C1D25A1D7870068BFD2 /* Resources */ = {
			isa = PBXResourcesBuildPhase;
			buildActionMask = 2147483647;
			files = (
				6B869C2F25A1D7890068BFD2 /* LaunchScreen.storyboard in Resources */,
				6B869C2C25A1D7890068BFD2 /* Assets.xcassets in Resources */,
				6B869C2A25A1D7870068BFD2 /* Main.storyboard in Resources */,
			);
			runOnlyForDeploymentPostprocessing = 0;
		};
/* End PBXResourcesBuildPhase section */

/* Begin PBXSourcesBuildPhase section */
		6B869C1B25A1D7870068BFD2 /* Sources */ = {
			isa = PBXSourcesBuildPhase;
			buildActionMask = 2147483647;
			files = (
				6B869C2725A1D7870068BFD2 /* ViewController.swift in Sources */,
				6B869C2325A1D7870068BFD2 /* AppDelegate.swift in Sources */,
				6B869C3B25A1D7BF0068BFD2 /* VC3.swift in Sources */,
				6B869C2525A1D7870068BFD2 /* SceneDelegate.swift in Sources */,
				6B869C3825A1D7B90068BFD2 /* VC2.swift in Sources */,
			);
			runOnlyForDeploymentPostprocessing = 0;
		};
/* End PBXSourcesBuildPhase section */

/* Begin PBXVariantGroup section */
		6B869C2825A1D7870068BFD2 /* Main.storyboard */ = {
			isa = PBXVariantGroup;
			children = (
				6B869C2925A1D7870068BFD2 /* Base */,
			);
			name = Main.storyboard;
			sourceTree = "<group>";
		};
		6B869C2D25A1D7890068BFD2 /* LaunchScreen.storyboard */ = {
			isa = PBXVariantGroup;
			children = (
				6B869C2E25A1D7890068BFD2 /* Base */,
			);
			name = LaunchScreen.storyboard;
			sourceTree = "<group>";
		};
/* End PBXVariantGroup section */

/* Begin XCBuildConfiguration section */
		6B869C3125A1D7890068BFD2 /* Debug */ = {
			isa = XCBuildConfiguration;
			buildSettings = {
				ALWAYS_SEARCH_USER_PATHS = NO;
				CLANG_ANALYZER_NONNULL = YES;
				CLANG_ANALYZER_NUMBER_OBJECT_CONVERSION = YES_AGGRESSIVE;
				CLANG_CXX_LANGUAGE_STANDARD = "gnu++14";
				CLANG_CXX_LIBRARY = "libc++";
				CLANG_ENABLE_MODULES = YES;
				CLANG_ENABLE_OBJC_ARC = YES;
				CLANG_ENABLE_OBJC_WEAK = YES;
				CLANG_WARN_BLOCK_CAPTURE_AUTORELEASING = YES;
				CLANG_WARN_BOOL_CONVERSION = YES;
				CLANG_WARN_COMMA = YES;
				CLANG_WARN_CONSTANT_CONVERSION = YES;
				CLANG_WARN_DEPRECATED_OBJC_IMPLEMENTATIONS = YES;
				CLANG_WARN_DIRECT_OBJC_ISA_USAGE = YES_ERROR;
				CLANG_WARN_DOCUMENTATION_COMMENTS = YES;
				CLANG_WARN_EMPTY_BODY = YES;
				CLANG_WARN_ENUM_CONVERSION = YES;
				CLANG_WARN_INFINITE_RECURSION = YES;
				CLANG_WARN_INT_CONVERSION = YES;
				CLANG_WARN_NON_LITERAL_NULL_CONVERSION = YES;
				CLANG_WARN_OBJC_IMPLICIT_RETAIN_SELF = YES;
				CLANG_WARN_OBJC_LITERAL_CONVERSION = YES;
				CLANG_WARN_OBJC_ROOT_CLASS = YES_ERROR;
				CLANG_WARN_QUOTED_INCLUDE_IN_FRAMEWORK_HEADER = YES;
				CLANG_WARN_RANGE_LOOP_ANALYSIS = YES;
				CLANG_WARN_STRICT_PROTOTYPES = YES;
				CLANG_WARN_SUSPICIOUS_MOVE = YES;
				CLANG_WARN_UNGUARDED_AVAILABILITY = YES_AGGRESSIVE;
				CLANG_WARN_UNREACHABLE_CODE = YES;
				CLANG_WARN__DUPLICATE_METHOD_MATCH = YES;
				COPY_PHASE_STRIP = NO;
				DEBUG_INFORMATION_FORMAT = dwarf;
				ENABLE_STRICT_OBJC_MSGSEND = YES;
				ENABLE_TESTABILITY = YES;
				GCC_C_LANGUAGE_STANDARD = gnu11;
				GCC_DYNAMIC_NO_PIC = NO;
				GCC_NO_COMMON_BLOCKS = YES;
				GCC_OPTIMIZATION_LEVEL = 0;
				GCC_PREPROCESSOR_DEFINITIONS = (
					"DEBUG=1",
					"$(inherited)",
				);
				GCC_WARN_64_TO_32_BIT_CONVERSION = YES;
				GCC_WARN_ABOUT_RETURN_TYPE = YES_ERROR;
				GCC_WARN_UNDECLARED_SELECTOR = YES;
				GCC_WARN_UNINITIALIZED_AUTOS = YES_AGGRESSIVE;
				GCC_WARN_UNUSED_FUNCTION = YES;
				GCC_WARN_UNUSED_VARIABLE = YES;
				IPHONEOS_DEPLOYMENT_TARGET = 14.3;
				MTL_ENABLE_DEBUG_INFO = INCLUDE_SOURCE;
				MTL_FAST_MATH = YES;
				ONLY_ACTIVE_ARCH = YES;
				SDKROOT = iphoneos;
				SWIFT_ACTIVE_COMPILATION_CONDITIONS = DEBUG;
				SWIFT_OPTIMIZATION_LEVEL = "-Onone";
			};
			name = Debug;
		};
		6B869C3225A1D7890068BFD2 /* Release */ = {
			isa = XCBuildConfiguration;
			buildSettings = {
				ALWAYS_SEARCH_USER_PATHS = NO;
				CLANG_ANALYZER_NONNULL = YES;
				CLANG_ANALYZER_NUMBER_OBJECT_CONVERSION = YES_AGGRESSIVE;
				CLANG_CXX_LANGUAGE_STANDARD = "gnu++14";
				CLANG_CXX_LIBRARY = "libc++";
				CLANG_ENABLE_MODULES = YES;
				CLANG_ENABLE_OBJC_ARC = YES;
				CLANG_ENABLE_OBJC_WEAK = YES;
				CLANG_WARN_BLOCK_CAPTURE_AUTORELEASING = YES;
				CLANG_WARN_BOOL_CONVERSION = YES;
				CLANG_WARN_COMMA = YES;
				CLANG_WARN_CONSTANT_CONVERSION = YES;
				CLANG_WARN_DEPRECATED_OBJC_IMPLEMENTATIONS = YES;
				CLANG_WARN_DIRECT_OBJC_ISA_USAGE = YES_ERROR;
				CLANG_WARN_DOCUMENTATION_COMMENTS = YES;
				CLANG_WARN_EMPTY_BODY = YES;
				CLANG_WARN_ENUM_CONVERSION = YES;
				CLANG_WARN_INFINITE_RECURSION = YES;
				CLANG_WARN_INT_CONVERSION = YES;
				CLANG_WARN_NON_LITERAL_NULL_CONVERSION = YES;
				CLANG_WARN_OBJC_IMPLICIT_RETAIN_SELF = YES;
				CLANG_WARN_OBJC_LITERAL_CONVERSION = YES;
				CLANG_WARN_OBJC_ROOT_CLASS = YES_ERROR;
				CLANG_WARN_QUOTED_INCLUDE_IN_FRAMEWORK_HEADER = YES;
				CLANG_WARN_RANGE_LOOP_ANALYSIS = YES;
				CLANG_WARN_STRICT_PROTOTYPES = YES;
				CLANG_WARN_SUSPICIOUS_MOVE = YES;
				CLANG_WARN_UNGUARDED_AVAILABILITY = YES_AGGRESSIVE;
				CLANG_WARN_UNREACHABLE_CODE = YES;
				CLANG_WARN__DUPLICATE_METHOD_MATCH = YES;
				COPY_PHASE_STRIP = NO;
				DEBUG_INFORMATION_FORMAT = "dwarf-with-dsym";
				ENABLE_NS_ASSERTIONS = NO;
				ENABLE_STRICT_OBJC_MSGSEND = YES;
				GCC_C_LANGUAGE_STANDARD = gnu11;
				GCC_NO_COMMON_BLOCKS = YES;
				GCC_WARN_64_TO_32_BIT_CONVERSION = YES;
				GCC_WARN_ABOUT_RETURN_TYPE = YES_ERROR;
				GCC_WARN_UNDECLARED_SELECTOR = YES;
				GCC_WARN_UNINITIALIZED_AUTOS = YES_AGGRESSIVE;
				GCC_WARN_UNUSED_FUNCTION = YES;
				GCC_WARN_UNUSED_VARIABLE = YES;
				IPHONEOS_DEPLOYMENT_TARGET = 14.3;
				MTL_ENABLE_DEBUG_INFO = NO;
				MTL_FAST_MATH = YES;
				SDKROOT = iphoneos;
				SWIFT_COMPILATION_MODE = wholemodule;
				SWIFT_OPTIMIZATION_LEVEL = "-O";
				VALIDATE_PRODUCT = YES;
			};
			name = Release;
		};
		6B869C3425A1D7890068BFD2 /* Debug */ = {
			isa = XCBuildConfiguration;
			buildSettings = {
				ASSETCATALOG_COMPILER_APPICON_NAME = AppIcon;
				ASSETCATALOG_COMPILER_GLOBAL_ACCENT_COLOR_NAME = AccentColor;
				CODE_SIGN_STYLE = Automatic;
				INFOPLIST_FILE = DismissPop/Info.plist;
				LD_RUNPATH_SEARCH_PATHS = (
					"$(inherited)",
					"@executable_path/Frameworks",
				);
				PRODUCT_BUNDLE_IDENTIFIER = yujinpark.DismissPop;
				PRODUCT_NAME = "$(TARGET_NAME)";
				SWIFT_VERSION = 5.0;
				TARGETED_DEVICE_FAMILY = "1,2";
			};
			name = Debug;
		};
		6B869C3525A1D7890068BFD2 /* Release */ = {
			isa = XCBuildConfiguration;
			buildSettings = {
				ASSETCATALOG_COMPILER_APPICON_NAME = AppIcon;
				ASSETCATALOG_COMPILER_GLOBAL_ACCENT_COLOR_NAME = AccentColor;
				CODE_SIGN_STYLE = Automatic;
				INFOPLIST_FILE = DismissPop/Info.plist;
				LD_RUNPATH_SEARCH_PATHS = (
					"$(inherited)",
					"@executable_path/Frameworks",
				);
				PRODUCT_BUNDLE_IDENTIFIER = yujinpark.DismissPop;
				PRODUCT_NAME = "$(TARGET_NAME)";
				SWIFT_VERSION = 5.0;
				TARGETED_DEVICE_FAMILY = "1,2";
			};
			name = Release;
		};
/* End XCBuildConfiguration section */

/* Begin XCConfigurationList section */
		6B869C1A25A1D7870068BFD2 /* Build configuration list for PBXProject "DismissPop" */ = {
			isa = XCConfigurationList;
			buildConfigurations = (
				6B869C3125A1D7890068BFD2 /* Debug */,
				6B869C3225A1D7890068BFD2 /* Release */,
			);
			defaultConfigurationIsVisible = 0;
			defaultConfigurationName = Release;
		};
		6B869C3325A1D7890068BFD2 /* Build configuration list for PBXNativeTarget "DismissPop" */ = {
			isa = XCConfigurationList;
			buildConfigurations = (
				6B869C3425A1D7890068BFD2 /* Debug */,
				6B869C3525A1D7890068BFD2 /* Release */,
			);
			defaultConfigurationIsVisible = 0;
			defaultConfigurationName = Release;
		};
/* End XCConfigurationList section */
	};
	rootObject = 6B869C1725A1D7870068BFD2 /* Project object */;
}
