// !$*UTF8*$!
{
	archiveVersion = 1;
	classes = {
	};
	objectVersion = 55;
	objects = {

/* Begin PBXBuildFile section */
		44B083392762010A007A134E /* AppDelegate.swift in Sources */ = {isa = PBXBuildFile; fileRef = 44B083382762010A007A134E /* AppDelegate.swift */; };
		44B0833B2762010A007A134E /* SceneDelegate.swift in Sources */ = {isa = PBXBuildFile; fileRef = 44B0833A2762010A007A134E /* SceneDelegate.swift */; };
		44B0833D2762010A007A134E /* ViewController.swift in Sources */ = {isa = PBXBuildFile; fileRef = 44B0833C2762010A007A134E /* ViewController.swift */; };
		44B083402762010A007A134E /* Main.storyboard in Resources */ = {isa = PBXBuildFile; fileRef = 44B0833E2762010A007A134E /* Main.storyboard */; };
		44B083422762010C007A134E /* Assets.xcassets in Resources */ = {isa = PBXBuildFile; fileRef = 44B083412762010C007A134E /* Assets.xcassets */; };
		44B083452762010C007A134E /* LaunchScreen.storyboard in Resources */ = {isa = PBXBuildFile; fileRef = 44B083432762010C007A134E /* LaunchScreen.storyboard */; };
		44B0834D27620126007A134E /* CustomTextField.swift in Sources */ = {isa = PBXBuildFile; fileRef = 44B0834C27620126007A134E /* CustomTextField.swift */; };
		B5DE148BD546F090C1DB6599 /* Pods_CustomTextFieldTest.framework in Frameworks */ = {isa = PBXBuildFile; fileRef = FFB37FB4232E582441971826 /* Pods_CustomTextFieldTest.framework */; };
/* End PBXBuildFile section */

/* Begin PBXFileReference section */
		2D5E331D2C7B08DDCFA43112 /* Pods-CustomTextFieldTest.release.xcconfig */ = {isa = PBXFileReference; includeInIndex = 1; lastKnownFileType = text.xcconfig; name = "Pods-CustomTextFieldTest.release.xcconfig"; path = "Target Support Files/Pods-CustomTextFieldTest/Pods-CustomTextFieldTest.release.xcconfig"; sourceTree = "<group>"; };
		44B083352762010A007A134E /* CustomTextFieldTest.app */ = {isa = PBXFileReference; explicitFileType = wrapper.application; includeInIndex = 0; path = CustomTextFieldTest.app; sourceTree = BUILT_PRODUCTS_DIR; };
		44B083382762010A007A134E /* AppDelegate.swift */ = {isa = PBXFileReference; lastKnownFileType = sourcecode.swift; path = AppDelegate.swift; sourceTree = "<group>"; };
		44B0833A2762010A007A134E /* SceneDelegate.swift */ = {isa = PBXFileReference; lastKnownFileType = sourcecode.swift; path = SceneDelegate.swift; sourceTree = "<group>"; };
		44B0833C2762010A007A134E /* ViewController.swift */ = {isa = PBXFileReference; lastKnownFileType = sourcecode.swift; path = ViewController.swift; sourceTree = "<group>"; };
		44B0833F2762010A007A134E /* Base */ = {isa = PBXFileReference; lastKnownFileType = file.storyboard; name = Base; path = Base.lproj/Main.storyboard; sourceTree = "<group>"; };
		44B083412762010C007A134E /* Assets.xcassets */ = {isa = PBXFileReference; lastKnownFileType = folder.assetcatalog; path = Assets.xcassets; sourceTree = "<group>"; };
		44B083442762010C007A134E /* Base */ = {isa = PBXFileReference; lastKnownFileType = file.storyboard; name = Base; path = Base.lproj/LaunchScreen.storyboard; sourceTree = "<group>"; };
		44B083462762010C007A134E /* Info.plist */ = {isa = PBXFileReference; lastKnownFileType = text.plist.xml; path = Info.plist; sourceTree = "<group>"; };
		44B0834C27620126007A134E /* CustomTextField.swift */ = {isa = PBXFileReference; lastKnownFileType = sourcecode.swift; path = CustomTextField.swift; sourceTree = "<group>"; };
		D3FC771171B10562D7F0359C /* Pods-CustomTextFieldTest.debug.xcconfig */ = {isa = PBXFileReference; includeInIndex = 1; lastKnownFileType = text.xcconfig; name = "Pods-CustomTextFieldTest.debug.xcconfig"; path = "Target Support Files/Pods-CustomTextFieldTest/Pods-CustomTextFieldTest.debug.xcconfig"; sourceTree = "<group>"; };
		FFB37FB4232E582441971826 /* Pods_CustomTextFieldTest.framework */ = {isa = PBXFileReference; explicitFileType = wrapper.framework; includeInIndex = 0; path = Pods_CustomTextFieldTest.framework; sourceTree = BUILT_PRODUCTS_DIR; };
/* End PBXFileReference section */

/* Begin PBXFrameworksBuildPhase section */
		44B083322762010A007A134E /* Frameworks */ = {
			isa = PBXFrameworksBuildPhase;
			buildActionMask = 2147483647;
			files = (
				B5DE148BD546F090C1DB6599 /* Pods_CustomTextFieldTest.framework in Frameworks */,
			);
			runOnlyForDeploymentPostprocessing = 0;
		};
/* End PBXFrameworksBuildPhase section */

/* Begin PBXGroup section */
		44B0832C2762010A007A134E = {
			isa = PBXGroup;
			children = (
				44B083372762010A007A134E /* CustomTextFieldTest */,
				44B083362762010A007A134E /* Products */,
				BAEAD185D02F2B655B8A8781 /* Pods */,
				6C4F357AA952D17E99080B4D /* Frameworks */,
			);
			sourceTree = "<group>";
		};
		44B083362762010A007A134E /* Products */ = {
			isa = PBXGroup;
			children = (
				44B083352762010A007A134E /* CustomTextFieldTest.app */,
			);
			name = Products;
			sourceTree = "<group>";
		};
		44B083372762010A007A134E /* CustomTextFieldTest */ = {
			isa = PBXGroup;
			children = (
				44B083382762010A007A134E /* AppDelegate.swift */,
				44B0833A2762010A007A134E /* SceneDelegate.swift */,
				44B0834C27620126007A134E /* CustomTextField.swift */,
				44B0833C2762010A007A134E /* ViewController.swift */,
				44B0833E2762010A007A134E /* Main.storyboard */,
				44B083412762010C007A134E /* Assets.xcassets */,
				44B083432762010C007A134E /* LaunchScreen.storyboard */,
				44B083462762010C007A134E /* Info.plist */,
			);
			path = CustomTextFieldTest;
			sourceTree = "<group>";
		};
		6C4F357AA952D17E99080B4D /* Frameworks */ = {
			isa = PBXGroup;
			children = (
				FFB37FB4232E582441971826 /* Pods_CustomTextFieldTest.framework */,
			);
			name = Frameworks;
			sourceTree = "<group>";
		};
		BAEAD185D02F2B655B8A8781 /* Pods */ = {
			isa = PBXGroup;
			children = (
				D3FC771171B10562D7F0359C /* Pods-CustomTextFieldTest.debug.xcconfig */,
				2D5E331D2C7B08DDCFA43112 /* Pods-CustomTextFieldTest.release.xcconfig */,
			);
			name = Pods;
			path = Pods;
			sourceTree = "<group>";
		};
/* End PBXGroup section */

/* Begin PBXNativeTarget section */
		44B083342762010A007A134E /* CustomTextFieldTest */ = {
			isa = PBXNativeTarget;
			buildConfigurationList = 44B083492762010C007A134E /* Build configuration list for PBXNativeTarget "CustomTextFieldTest" */;
			buildPhases = (
				7561D9E302023B29680A31B8 /* [CP] Check Pods Manifest.lock */,
				44B083312762010A007A134E /* Sources */,
				44B083322762010A007A134E /* Frameworks */,
				44B083332762010A007A134E /* Resources */,
				AE05FC01EB5DC872AE1ADE45 /* [CP] Embed Pods Frameworks */,
			);
			buildRules = (
			);
			dependencies = (
			);
			name = CustomTextFieldTest;
			productName = CustomTextFieldTest;
			productReference = 44B083352762010A007A134E /* CustomTextFieldTest.app */;
			productType = "com.apple.product-type.application";
		};
/* End PBXNativeTarget section */

/* Begin PBXProject section */
		44B0832D2762010A007A134E /* Project object */ = {
			isa = PBXProject;
			attributes = {
				BuildIndependentTargetsInParallel = 1;
				LastSwiftUpdateCheck = 1310;
				LastUpgradeCheck = 1310;
				TargetAttributes = {
					44B083342762010A007A134E = {
						CreatedOnToolsVersion = 13.1;
					};
				};
			};
			buildConfigurationList = 44B083302762010A007A134E /* Build configuration list for PBXProject "CustomTextFieldTest" */;
			compatibilityVersion = "Xcode 13.0";
			developmentRegion = en;
			hasScannedForEncodings = 0;
			knownRegions = (
				en,
				Base,
			);
			mainGroup = 44B0832C2762010A007A134E;
			productRefGroup = 44B083362762010A007A134E /* Products */;
			projectDirPath = "";
			projectRoot = "";
			targets = (
				44B083342762010A007A134E /* CustomTextFieldTest */,
			);
		};
/* End PBXProject section */

/* Begin PBXResourcesBuildPhase section */
		44B083332762010A007A134E /* Resources */ = {
			isa = PBXResourcesBuildPhase;
			buildActionMask = 2147483647;
			files = (
				44B083452762010C007A134E /* LaunchScreen.storyboard in Resources */,
				44B083422762010C007A134E /* Assets.xcassets in Resources */,
				44B083402762010A007A134E /* Main.storyboard in Resources */,
			);
			runOnlyForDeploymentPostprocessing = 0;
		};
/* End PBXResourcesBuildPhase section */

/* Begin PBXShellScriptBuildPhase section */
		7561D9E302023B29680A31B8 /* [CP] Check Pods Manifest.lock */ = {
			isa = PBXShellScriptBuildPhase;
			buildActionMask = 2147483647;
			files = (
			);
			inputFileListPaths = (
			);
			inputPaths = (
				"${PODS_PODFILE_DIR_PATH}/Podfile.lock",
				"${PODS_ROOT}/Manifest.lock",
			);
			name = "[CP] Check Pods Manifest.lock";
			outputFileListPaths = (
			);
			outputPaths = (
				"$(DERIVED_FILE_DIR)/Pods-CustomTextFieldTest-checkManifestLockResult.txt",
			);
			runOnlyForDeploymentPostprocessing = 0;
			shellPath = /bin/sh;
			shellScript = "diff \"${PODS_PODFILE_DIR_PATH}/Podfile.lock\" \"${PODS_ROOT}/Manifest.lock\" > /dev/null\nif [ $? != 0 ] ; then\n    # print error to STDERR\n    echo \"error: The sandbox is not in sync with the Podfile.lock. Run 'pod install' or update your CocoaPods installation.\" >&2\n    exit 1\nfi\n# This output is used by Xcode 'outputs' to avoid re-running this script phase.\necho \"SUCCESS\" > \"${SCRIPT_OUTPUT_FILE_0}\"\n";
			showEnvVarsInLog = 0;
		};
		AE05FC01EB5DC872AE1ADE45 /* [CP] Embed Pods Frameworks */ = {
			isa = PBXShellScriptBuildPhase;
			buildActionMask = 2147483647;
			files = (
			);
			inputFileListPaths = (
				"${PODS_ROOT}/Target Support Files/Pods-CustomTextFieldTest/Pods-CustomTextFieldTest-frameworks-${CONFIGURATION}-input-files.xcfilelist",
			);
			name = "[CP] Embed Pods Frameworks";
			outputFileListPaths = (
				"${PODS_ROOT}/Target Support Files/Pods-CustomTextFieldTest/Pods-CustomTextFieldTest-frameworks-${CONFIGURATION}-output-files.xcfilelist",
			);
			runOnlyForDeploymentPostprocessing = 0;
			shellPath = /bin/sh;
			shellScript = "\"${PODS_ROOT}/Target Support Files/Pods-CustomTextFieldTest/Pods-CustomTextFieldTest-frameworks.sh\"\n";
			showEnvVarsInLog = 0;
		};
/* End PBXShellScriptBuildPhase section */

/* Begin PBXSourcesBuildPhase section */
		44B083312762010A007A134E /* Sources */ = {
			isa = PBXSourcesBuildPhase;
			buildActionMask = 2147483647;
			files = (
				44B0834D27620126007A134E /* CustomTextField.swift in Sources */,
				44B0833D2762010A007A134E /* ViewController.swift in Sources */,
				44B083392762010A007A134E /* AppDelegate.swift in Sources */,
				44B0833B2762010A007A134E /* SceneDelegate.swift in Sources */,
			);
			runOnlyForDeploymentPostprocessing = 0;
		};
/* End PBXSourcesBuildPhase section */

/* Begin PBXVariantGroup section */
		44B0833E2762010A007A134E /* Main.storyboard */ = {
			isa = PBXVariantGroup;
			children = (
				44B0833F2762010A007A134E /* Base */,
			);
			name = Main.storyboard;
			sourceTree = "<group>";
		};
		44B083432762010C007A134E /* LaunchScreen.storyboard */ = {
			isa = PBXVariantGroup;
			children = (
				44B083442762010C007A134E /* Base */,
			);
			name = LaunchScreen.storyboard;
			sourceTree = "<group>";
		};
/* End PBXVariantGroup section */

/* Begin XCBuildConfiguration section */
		44B083472762010C007A134E /* Debug */ = {
			isa = XCBuildConfiguration;
			buildSettings = {
				ALWAYS_SEARCH_USER_PATHS = NO;
				CLANG_ANALYZER_NONNULL = YES;
				CLANG_ANALYZER_NUMBER_OBJECT_CONVERSION = YES_AGGRESSIVE;
				CLANG_CXX_LANGUAGE_STANDARD = "gnu++17";
				CLANG_CXX_LIBRARY = "libc++";
				CLANG_ENABLE_MODULES = YES;
				CLANG_ENABLE_OBJC_ARC = YES;
				CLANG_ENABLE_OBJC_WEAK = YES;
				CLANG_WARN_BLOCK_CAPTURE_AUTORELEASING = YES;
				CLANG_WARN_BOOL_CONVERSION = YES;
				CLANG_WARN_COMMA = YES;
				CLANG_WARN_CONSTANT_CONVERSION = YES;
				CLANG_WARN_DEPRECATED_OBJC_IMPLEMENTATIONS = YES;
				CLANG_WARN_DIRECT_OBJC_ISA_USAGE = YES_ERROR;
				CLANG_WARN_DOCUMENTATION_COMMENTS = YES;
				CLANG_WARN_EMPTY_BODY = YES;
				CLANG_WARN_ENUM_CONVERSION = YES;
				CLANG_WARN_INFINITE_RECURSION = YES;
				CLANG_WARN_INT_CONVERSION = YES;
				CLANG_WARN_NON_LITERAL_NULL_CONVERSION = YES;
				CLANG_WARN_OBJC_IMPLICIT_RETAIN_SELF = YES;
				CLANG_WARN_OBJC_LITERAL_CONVERSION = YES;
				CLANG_WARN_OBJC_ROOT_CLASS = YES_ERROR;
				CLANG_WARN_QUOTED_INCLUDE_IN_FRAMEWORK_HEADER = YES;
				CLANG_WARN_RANGE_LOOP_ANALYSIS = YES;
				CLANG_WARN_STRICT_PROTOTYPES = YES;
				CLANG_WARN_SUSPICIOUS_MOVE = YES;
				CLANG_WARN_UNGUARDED_AVAILABILITY = YES_AGGRESSIVE;
				CLANG_WARN_UNREACHABLE_CODE = YES;
				CLANG_WARN__DUPLICATE_METHOD_MATCH = YES;
				COPY_PHASE_STRIP = NO;
				DEBUG_INFORMATION_FORMAT = dwarf;
				ENABLE_STRICT_OBJC_MSGSEND = YES;
				ENABLE_TESTABILITY = YES;
				GCC_C_LANGUAGE_STANDARD = gnu11;
				GCC_DYNAMIC_NO_PIC = NO;
				GCC_NO_COMMON_BLOCKS = YES;
				GCC_OPTIMIZATION_LEVEL = 0;
				GCC_PREPROCESSOR_DEFINITIONS = (
					"DEBUG=1",
					"$(inherited)",
				);
				GCC_WARN_64_TO_32_BIT_CONVERSION = YES;
				GCC_WARN_ABOUT_RETURN_TYPE = YES_ERROR;
				GCC_WARN_UNDECLARED_SELECTOR = YES;
				GCC_WARN_UNINITIALIZED_AUTOS = YES_AGGRESSIVE;
				GCC_WARN_UNUSED_FUNCTION = YES;
				GCC_WARN_UNUSED_VARIABLE = YES;
				IPHONEOS_DEPLOYMENT_TARGET = 15.0;
				MTL_ENABLE_DEBUG_INFO = INCLUDE_SOURCE;
				MTL_FAST_MATH = YES;
				ONLY_ACTIVE_ARCH = YES;
				SDKROOT = iphoneos;
				SWIFT_ACTIVE_COMPILATION_CONDITIONS = DEBUG;
				SWIFT_OPTIMIZATION_LEVEL = "-Onone";
			};
			name = Debug;
		};
		44B083482762010C007A134E /* Release */ = {
			isa = XCBuildConfiguration;
			buildSettings = {
				ALWAYS_SEARCH_USER_PATHS = NO;
				CLANG_ANALYZER_NONNULL = YES;
				CLANG_ANALYZER_NUMBER_OBJECT_CONVERSION = YES_AGGRESSIVE;
				CLANG_CXX_LANGUAGE_STANDARD = "gnu++17";
				CLANG_CXX_LIBRARY = "libc++";
				CLANG_ENABLE_MODULES = YES;
				CLANG_ENABLE_OBJC_ARC = YES;
				CLANG_ENABLE_OBJC_WEAK = YES;
				CLANG_WARN_BLOCK_CAPTURE_AUTORELEASING = YES;
				CLANG_WARN_BOOL_CONVERSION = YES;
				CLANG_WARN_COMMA = YES;
				CLANG_WARN_CONSTANT_CONVERSION = YES;
				CLANG_WARN_DEPRECATED_OBJC_IMPLEMENTATIONS = YES;
				CLANG_WARN_DIRECT_OBJC_ISA_USAGE = YES_ERROR;
				CLANG_WARN_DOCUMENTATION_COMMENTS = YES;
				CLANG_WARN_EMPTY_BODY = YES;
				CLANG_WARN_ENUM_CONVERSION = YES;
				CLANG_WARN_INFINITE_RECURSION = YES;
				CLANG_WARN_INT_CONVERSION = YES;
				CLANG_WARN_NON_LITERAL_NULL_CONVERSION = YES;
				CLANG_WARN_OBJC_IMPLICIT_RETAIN_SELF = YES;
				CLANG_WARN_OBJC_LITERAL_CONVERSION = YES;
				CLANG_WARN_OBJC_ROOT_CLASS = YES_ERROR;
				CLANG_WARN_QUOTED_INCLUDE_IN_FRAMEWORK_HEADER = YES;
				CLANG_WARN_RANGE_LOOP_ANALYSIS = YES;
				CLANG_WARN_STRICT_PROTOTYPES = YES;
				CLANG_WARN_SUSPICIOUS_MOVE = YES;
				CLANG_WARN_UNGUARDED_AVAILABILITY = YES_AGGRESSIVE;
				CLANG_WARN_UNREACHABLE_CODE = YES;
				CLANG_WARN__DUPLICATE_METHOD_MATCH = YES;
				COPY_PHASE_STRIP = NO;
				DEBUG_INFORMATION_FORMAT = "dwarf-with-dsym";
				ENABLE_NS_ASSERTIONS = NO;
				ENABLE_STRICT_OBJC_MSGSEND = YES;
				GCC_C_LANGUAGE_STANDARD = gnu11;
				GCC_NO_COMMON_BLOCKS = YES;
				GCC_WARN_64_TO_32_BIT_CONVERSION = YES;
				GCC_WARN_ABOUT_RETURN_TYPE = YES_ERROR;
				GCC_WARN_UNDECLARED_SELECTOR = YES;
				GCC_WARN_UNINITIALIZED_AUTOS = YES_AGGRESSIVE;
				GCC_WARN_UNUSED_FUNCTION = YES;
				GCC_WARN_UNUSED_VARIABLE = YES;
				IPHONEOS_DEPLOYMENT_TARGET = 15.0;
				MTL_ENABLE_DEBUG_INFO = NO;
				MTL_FAST_MATH = YES;
				SDKROOT = iphoneos;
				SWIFT_COMPILATION_MODE = wholemodule;
				SWIFT_OPTIMIZATION_LEVEL = "-O";
				VALIDATE_PRODUCT = YES;
			};
			name = Release;
		};
		44B0834A2762010C007A134E /* Debug */ = {
			isa = XCBuildConfiguration;
			baseConfigurationReference = D3FC771171B10562D7F0359C /* Pods-CustomTextFieldTest.debug.xcconfig */;
			buildSettings = {
				ASSETCATALOG_COMPILER_APPICON_NAME = AppIcon;
				ASSETCATALOG_COMPILER_GLOBAL_ACCENT_COLOR_NAME = AccentColor;
				CODE_SIGN_STYLE = Automatic;
				CURRENT_PROJECT_VERSION = 1;
				DEVELOPMENT_TEAM = B3C2UPVUU3;
				GENERATE_INFOPLIST_FILE = YES;
				INFOPLIST_FILE = CustomTextFieldTest/Info.plist;
				INFOPLIST_KEY_UIApplicationSupportsIndirectInputEvents = YES;
				INFOPLIST_KEY_UILaunchStoryboardName = LaunchScreen;
				INFOPLIST_KEY_UIMainStoryboardFile = Main;
				INFOPLIST_KEY_UISupportedInterfaceOrientations_iPad = "UIInterfaceOrientationPortrait UIInterfaceOrientationPortraitUpsideDown UIInterfaceOrientationLandscapeLeft UIInterfaceOrientationLandscapeRight";
				INFOPLIST_KEY_UISupportedInterfaceOrientations_iPhone = "UIInterfaceOrientationPortrait UIInterfaceOrientationLandscapeLeft UIInterfaceOrientationLandscapeRight";
				LD_RUNPATH_SEARCH_PATHS = (
					"$(inherited)",
					"@executable_path/Frameworks",
				);
				MARKETING_VERSION = 1.0;
				PRODUCT_BUNDLE_IDENTIFIER = com.eugene.CustomTextFieldTest;
				PRODUCT_NAME = "$(TARGET_NAME)";
				SWIFT_EMIT_LOC_STRINGS = YES;
				SWIFT_VERSION = 5.0;
				TARGETED_DEVICE_FAMILY = "1,2";
			};
			name = Debug;
		};
		44B0834B2762010C007A134E /* Release */ = {
			isa = XCBuildConfiguration;
			baseConfigurationReference = 2D5E331D2C7B08DDCFA43112 /* Pods-CustomTextFieldTest.release.xcconfig */;
			buildSettings = {
				ASSETCATALOG_COMPILER_APPICON_NAME = AppIcon;
				ASSETCATALOG_COMPILER_GLOBAL_ACCENT_COLOR_NAME = AccentColor;
				CODE_SIGN_STYLE = Automatic;
				CURRENT_PROJECT_VERSION = 1;
				DEVELOPMENT_TEAM = B3C2UPVUU3;
				GENERATE_INFOPLIST_FILE = YES;
				INFOPLIST_FILE = CustomTextFieldTest/Info.plist;
				INFOPLIST_KEY_UIApplicationSupportsIndirectInputEvents = YES;
				INFOPLIST_KEY_UILaunchStoryboardName = LaunchScreen;
				INFOPLIST_KEY_UIMainStoryboardFile = Main;
				INFOPLIST_KEY_UISupportedInterfaceOrientations_iPad = "UIInterfaceOrientationPortrait UIInterfaceOrientationPortraitUpsideDown UIInterfaceOrientationLandscapeLeft UIInterfaceOrientationLandscapeRight";
				INFOPLIST_KEY_UISupportedInterfaceOrientations_iPhone = "UIInterfaceOrientationPortrait UIInterfaceOrientationLandscapeLeft UIInterfaceOrientationLandscapeRight";
				LD_RUNPATH_SEARCH_PATHS = (
					"$(inherited)",
					"@executable_path/Frameworks",
				);
				MARKETING_VERSION = 1.0;
				PRODUCT_BUNDLE_IDENTIFIER = com.eugene.CustomTextFieldTest;
				PRODUCT_NAME = "$(TARGET_NAME)";
				SWIFT_EMIT_LOC_STRINGS = YES;
				SWIFT_VERSION = 5.0;
				TARGETED_DEVICE_FAMILY = "1,2";
			};
			name = Release;
		};
/* End XCBuildConfiguration section */

/* Begin XCConfigurationList section */
		44B083302762010A007A134E /* Build configuration list for PBXProject "CustomTextFieldTest" */ = {
			isa = XCConfigurationList;
			buildConfigurations = (
				44B083472762010C007A134E /* Debug */,
				44B083482762010C007A134E /* Release */,
			);
			defaultConfigurationIsVisible = 0;
			defaultConfigurationName = Release;
		};
		44B083492762010C007A134E /* Build configuration list for PBXNativeTarget "CustomTextFieldTest" */ = {
			isa = XCConfigurationList;
			buildConfigurations = (
				44B0834A2762010C007A134E /* Debug */,
				44B0834B2762010C007A134E /* Release */,
			);
			defaultConfigurationIsVisible = 0;
			defaultConfigurationName = Release;
		};
/* End XCConfigurationList section */
	};
	rootObject = 44B0832D2762010A007A134E /* Project object */;
}
